
Microsoft Visual Studio Solution File, Format Version 12.00
# Visual Studio Version 16
VisualStudioVersion = 16.0.30413.136
MinimumVisualStudioVersion = 10.0.40219.1
Project("{8BC9CEB8-8B4A-11D0-8D11-00A0C91BC942}") = "Ht7_1", "Ht7_1\Ht7_1.vcxproj", "{70775645-968E-44DE-B5B3-54FC5F9415A7}"
EndProject
Global
	GlobalSection(SolutionConfigurationPlatforms) = preSolution
		Debug|x64 = Debug|x64
		Debug|x86 = Debug|x86
		Release|x64 = Release|x64
		Release|x86 = Release|x86
	EndGlobalSection
	GlobalSection(ProjectConfigurationPlatforms) = postSolution
		{70775645-968E-44DE-B5B3-54FC5F9415A7}.Debug|x64.ActiveCfg = Debug|x64
		{70775645-968E-44DE-B5B3-54FC5F9415A7}.Debug|x64.Build.0 = Debug|x64
		{70775645-968E-44DE-B5B3-54FC5F9415A7}.Debug|x86.ActiveCfg = Debug|Win32
		{70775645-968E-44DE-B5B3-54FC5F9415A7}.Debug|x86.Build.0 = Debug|Win32
		{70775645-968E-44DE-B5B3-54FC5F9415A7}.Release|x64.ActiveCfg = Release|x64
		{70775645-968E-44DE-B5B3-54FC5F9415A7}.Release|x64.Build.0 = Release|x64
		{70775645-968E-44DE-B5B3-54FC5F9415A7}.Release|x86.ActiveCfg = Release|Win32
		{70775645-968E-44DE-B5B3-54FC5F9415A7}.Release|x86.Build.0 = Release|Win32
	EndGlobalSection
	GlobalSection(SolutionProperties) = preSolution
		HideSolutionNode = FALSE
	EndGlobalSection
	GlobalSection(ExtensibilityGlobals) = postSolution
		SolutionGuid = {685C84F4-4DC5-470D-993B-05A73EE7D15A}
	EndGlobalSection
EndGlobal
